
Microsoft Visual Studio Solution File, Format Version 12.00
# Visual Studio Version 17
VisualStudioVersion = 17.11.35208.52
MinimumVisualStudioVersion = 10.0.40219.1
Project("{FAE04EC0-301F-11D3-BF4B-00C04F79EFBC}") = "TwoTestEtlTasks", "TwoTestEtlTasks.csproj", "{7495896F-7491-4580-9160-B02EA6B3AE45}"
EndProject
Global
	GlobalSection(SolutionConfigurationPlatforms) = preSolution
		Debug|Any CPU = Debug|Any CPU
		Release|Any CPU = Release|Any CPU
	EndGlobalSection
	GlobalSection(ProjectConfigurationPlatforms) = postSolution
		{7495896F-7491-4580-9160-B02EA6B3AE45}.Debug|Any CPU.ActiveCfg = Debug|Any CPU
		{7495896F-7491-4580-9160-B02EA6B3AE45}.Debug|Any CPU.Build.0 = Debug|Any CPU
		{7495896F-7491-4580-9160-B02EA6B3AE45}.Release|Any CPU.ActiveCfg = Release|Any CPU
		{7495896F-7491-4580-9160-B02EA6B3AE45}.Release|Any CPU.Build.0 = Release|Any CPU
	EndGlobalSection
	GlobalSection(SolutionProperties) = preSolution
		HideSolutionNode = FALSE
	EndGlobalSection
	GlobalSection(ExtensibilityGlobals) = postSolution
		SolutionGuid = {0D6E80F3-F67E-43F8-ABAE-FB3047C53A6C}
	EndGlobalSection
EndGlobal
